
Microsoft Visual Studio Solution File, Format Version 12.00
# Visual Studio Version 16
VisualStudioVersion = 16.0.31025.194
MinimumVisualStudioVersion = 10.0.40219.1
Project("{FAE04EC0-301F-11D3-BF4B-00C04F79EFBC}") = "HanyaPenggemar", "HanyaPenggemar.csproj", "{61D25C89-5FBF-47C8-BB8D-B2CB5665D178}"
EndProject
Global
	GlobalSection(SolutionConfigurationPlatforms) = preSolution
		Debug|Any CPU = Debug|Any CPU
		Release|Any CPU = Release|Any CPU
	EndGlobalSection
	GlobalSection(ProjectConfigurationPlatforms) = postSolution
		{61D25C89-5FBF-47C8-BB8D-B2CB5665D178}.Debug|Any CPU.ActiveCfg = Debug|Any CPU
		{61D25C89-5FBF-47C8-BB8D-B2CB5665D178}.Debug|Any CPU.Build.0 = Debug|Any CPU
		{61D25C89-5FBF-47C8-BB8D-B2CB5665D178}.Release|Any CPU.ActiveCfg = Release|Any CPU
		{61D25C89-5FBF-47C8-BB8D-B2CB5665D178}.Release|Any CPU.Build.0 = Release|Any CPU
	EndGlobalSection
	GlobalSection(SolutionProperties) = preSolution
		HideSolutionNode = FALSE
	EndGlobalSection
	GlobalSection(ExtensibilityGlobals) = postSolution
		SolutionGuid = {77BEBF82-52DF-4F0C-AF4B-D5A3461E5113}
	EndGlobalSection
EndGlobal
